// !$*UTF8*$!
{
	archiveVersion = 1;
	classes = {
	};
	objectVersion = 46;
	objects = {

/* Begin PBXBuildFile section */
		3D2F40651A1FDCC800CAEC96 /* BasicCollectionViewController.swift in Sources */ = {isa = PBXBuildFile; fileRef = 3D2F40641A1FDCC800CAEC96 /* BasicCollectionViewController.swift */; };
		3D2F40681A1FDD4200CAEC96 /* BasicCollectionViewCell.swift in Sources */ = {isa = PBXBuildFile; fileRef = 3D2F40661A1FDD4200CAEC96 /* BasicCollectionViewCell.swift */; };
		3D2F40691A1FDD4200CAEC96 /* BasicCollectionViewCell.xib in Resources */ = {isa = PBXBuildFile; fileRef = 3D2F40671A1FDD4200CAEC96 /* BasicCollectionViewCell.xib */; };
		3D2F406B1A1FDD9200CAEC96 /* QuartzCore.framework in Frameworks */ = {isa = PBXBuildFile; fileRef = 3D2F406A1A1FDD9200CAEC96 /* QuartzCore.framework */; };
		3D358F5F1A1FC0FF002E27DB /* AppDelegate.swift in Sources */ = {isa = PBXBuildFile; fileRef = 3D358F5E1A1FC0FF002E27DB /* AppDelegate.swift */; };
		3D358F611A1FC0FF002E27DB /* RootViewController.swift in Sources */ = {isa = PBXBuildFile; fileRef = 3D358F601A1FC0FF002E27DB /* RootViewController.swift */; };
		3D358F651A1FC0FF002E27DB /* PagingController.swift in Sources */ = {isa = PBXBuildFile; fileRef = 3D358F641A1FC0FF002E27DB /* PagingController.swift */; };
		3D358F681A1FC0FF002E27DB /* Main.storyboard in Resources */ = {isa = PBXBuildFile; fileRef = 3D358F661A1FC0FF002E27DB /* Main.storyboard */; };
		3D358F6A1A1FC0FF002E27DB /* Images.xcassets in Resources */ = {isa = PBXBuildFile; fileRef = 3D358F691A1FC0FF002E27DB /* Images.xcassets */; };
		3D358F6D1A1FC0FF002E27DB /* LaunchScreen.xib in Resources */ = {isa = PBXBuildFile; fileRef = 3D358F6B1A1FC0FF002E27DB /* LaunchScreen.xib */; };
		3D40F9E71A237796008B13CD /* Default-568h@2x.png in Resources */ = {isa = PBXBuildFile; fileRef = 3D40F9E61A237796008B13CD /* Default-568h@2x.png */; };
/* End PBXBuildFile section */

/* Begin PBXFileReference section */
		3D2F40641A1FDCC800CAEC96 /* BasicCollectionViewController.swift */ = {isa = PBXFileReference; fileEncoding = 4; lastKnownFileType = sourcecode.swift; path = BasicCollectionViewController.swift; sourceTree = "<group>"; };
		3D2F40661A1FDD4200CAEC96 /* BasicCollectionViewCell.swift */ = {isa = PBXFileReference; fileEncoding = 4; lastKnownFileType = sourcecode.swift; path = BasicCollectionViewCell.swift; sourceTree = "<group>"; };
		3D2F40671A1FDD4200CAEC96 /* BasicCollectionViewCell.xib */ = {isa = PBXFileReference; fileEncoding = 4; lastKnownFileType = file.xib; path = BasicCollectionViewCell.xib; sourceTree = "<group>"; };
		3D2F406A1A1FDD9200CAEC96 /* QuartzCore.framework */ = {isa = PBXFileReference; lastKnownFileType = wrapper.framework; name = QuartzCore.framework; path = System/Library/Frameworks/QuartzCore.framework; sourceTree = SDKROOT; };
		3D358F591A1FC0FF002E27DB /* PagingAnimation.app */ = {isa = PBXFileReference; explicitFileType = wrapper.application; includeInIndex = 0; path = PagingAnimation.app; sourceTree = BUILT_PRODUCTS_DIR; };
		3D358F5D1A1FC0FF002E27DB /* Info.plist */ = {isa = PBXFileReference; lastKnownFileType = text.plist.xml; path = Info.plist; sourceTree = "<group>"; };
		3D358F5E1A1FC0FF002E27DB /* AppDelegate.swift */ = {isa = PBXFileReference; lastKnownFileType = sourcecode.swift; path = AppDelegate.swift; sourceTree = "<group>"; };
		3D358F601A1FC0FF002E27DB /* RootViewController.swift */ = {isa = PBXFileReference; lastKnownFileType = sourcecode.swift; path = RootViewController.swift; sourceTree = "<group>"; };
		3D358F641A1FC0FF002E27DB /* PagingController.swift */ = {isa = PBXFileReference; lastKnownFileType = sourcecode.swift; path = PagingController.swift; sourceTree = "<group>"; };
		3D358F671A1FC0FF002E27DB /* Base */ = {isa = PBXFileReference; lastKnownFileType = file.storyboard; name = Base; path = Base.lproj/Main.storyboard; sourceTree = "<group>"; };
		3D358F691A1FC0FF002E27DB /* Images.xcassets */ = {isa = PBXFileReference; lastKnownFileType = folder.assetcatalog; path = Images.xcassets; sourceTree = "<group>"; };
		3D358F6C1A1FC0FF002E27DB /* Base */ = {isa = PBXFileReference; lastKnownFileType = file.xib; name = Base; path = Base.lproj/LaunchScreen.xib; sourceTree = "<group>"; };
		3D40F9E61A237796008B13CD /* Default-568h@2x.png */ = {isa = PBXFileReference; lastKnownFileType = image.png; path = "Default-568h@2x.png"; sourceTree = "<group>"; };
/* End PBXFileReference section */

/* Begin PBXFrameworksBuildPhase section */
		3D358F561A1FC0FF002E27DB /* Frameworks */ = {
			isa = PBXFrameworksBuildPhase;
			buildActionMask = 2147483647;
			files = (
				3D2F406B1A1FDD9200CAEC96 /* QuartzCore.framework in Frameworks */,
			);
			runOnlyForDeploymentPostprocessing = 0;
		};
/* End PBXFrameworksBuildPhase section */

/* Begin PBXGroup section */
		3D358F501A1FC0FF002E27DB = {
			isa = PBXGroup;
			children = (
				3D40F9E61A237796008B13CD /* Default-568h@2x.png */,
				3D2F406A1A1FDD9200CAEC96 /* QuartzCore.framework */,
				3D358F5B1A1FC0FF002E27DB /* PagingAnimation */,
				3D358F5A1A1FC0FF002E27DB /* Products */,
			);
			sourceTree = "<group>";
		};
		3D358F5A1A1FC0FF002E27DB /* Products */ = {
			isa = PBXGroup;
			children = (
				3D358F591A1FC0FF002E27DB /* PagingAnimation.app */,
			);
			name = Products;
			sourceTree = "<group>";
		};
		3D358F5B1A1FC0FF002E27DB /* PagingAnimation */ = {
			isa = PBXGroup;
			children = (
				3D358F5E1A1FC0FF002E27DB /* AppDelegate.swift */,
				3D358F661A1FC0FF002E27DB /* Main.storyboard */,
				3D358F601A1FC0FF002E27DB /* RootViewController.swift */,
				3D358F641A1FC0FF002E27DB /* PagingController.swift */,
				3D358F691A1FC0FF002E27DB /* Images.xcassets */,
				3D358F6B1A1FC0FF002E27DB /* LaunchScreen.xib */,
				3D358F5C1A1FC0FF002E27DB /* Supporting Files */,
				3D2F40641A1FDCC800CAEC96 /* BasicCollectionViewController.swift */,
				3D2F40661A1FDD4200CAEC96 /* BasicCollectionViewCell.swift */,
				3D2F40671A1FDD4200CAEC96 /* BasicCollectionViewCell.xib */,
			);
			path = PagingAnimation;
			sourceTree = "<group>";
		};
		3D358F5C1A1FC0FF002E27DB /* Supporting Files */ = {
			isa = PBXGroup;
			children = (
				3D358F5D1A1FC0FF002E27DB /* Info.plist */,
			);
			name = "Supporting Files";
			sourceTree = "<group>";
		};
/* End PBXGroup section */

/* Begin PBXNativeTarget section */
		3D358F581A1FC0FF002E27DB /* PagingAnimation */ = {
			isa = PBXNativeTarget;
			buildConfigurationList = 3D358F7C1A1FC0FF002E27DB /* Build configuration list for PBXNativeTarget "PagingAnimation" */;
			buildPhases = (
				3D358F551A1FC0FF002E27DB /* Sources */,
				3D358F561A1FC0FF002E27DB /* Frameworks */,
				3D358F571A1FC0FF002E27DB /* Resources */,
			);
			buildRules = (
			);
			dependencies = (
			);
			name = PagingAnimation;
			productName = PagingAnimation;
			productReference = 3D358F591A1FC0FF002E27DB /* PagingAnimation.app */;
			productType = "com.apple.product-type.application";
		};
/* End PBXNativeTarget section */

/* Begin PBXProject section */
		3D358F511A1FC0FF002E27DB /* Project object */ = {
			isa = PBXProject;
			attributes = {
				LastUpgradeCheck = 0610;
				ORGANIZATIONNAME = DLS;
				TargetAttributes = {
					3D358F581A1FC0FF002E27DB = {
						CreatedOnToolsVersion = 6.1;
					};
				};
			};
			buildConfigurationList = 3D358F541A1FC0FF002E27DB /* Build configuration list for PBXProject "PagingAnimation" */;
			compatibilityVersion = "Xcode 3.2";
			developmentRegion = English;
			hasScannedForEncodings = 0;
			knownRegions = (
				en,
				Base,
			);
			mainGroup = 3D358F501A1FC0FF002E27DB;
			productRefGroup = 3D358F5A1A1FC0FF002E27DB /* Products */;
			projectDirPath = "";
			projectRoot = "";
			targets = (
				3D358F581A1FC0FF002E27DB /* PagingAnimation */,
			);
		};
/* End PBXProject section */

/* Begin PBXResourcesBuildPhase section */
		3D358F571A1FC0FF002E27DB /* Resources */ = {
			isa = PBXResourcesBuildPhase;
			buildActionMask = 2147483647;
			files = (
				3D358F681A1FC0FF002E27DB /* Main.storyboard in Resources */,
				3D2F40691A1FDD4200CAEC96 /* BasicCollectionViewCell.xib in Resources */,
				3D358F6D1A1FC0FF002E27DB /* LaunchScreen.xib in Resources */,
				3D40F9E71A237796008B13CD /* Default-568h@2x.png in Resources */,
				3D358F6A1A1FC0FF002E27DB /* Images.xcassets in Resources */,
			);
			runOnlyForDeploymentPostprocessing = 0;
		};
/* End PBXResourcesBuildPhase section */

/* Begin PBXSourcesBuildPhase section */
		3D358F551A1FC0FF002E27DB /* Sources */ = {
			isa = PBXSourcesBuildPhase;
			buildActionMask = 2147483647;
			files = (
				3D2F40681A1FDD4200CAEC96 /* BasicCollectionViewCell.swift in Sources */,
				3D358F611A1FC0FF002E27DB /* RootViewController.swift in Sources */,
				3D358F651A1FC0FF002E27DB /* PagingController.swift in Sources */,
				3D358F5F1A1FC0FF002E27DB /* AppDelegate.swift in Sources */,
				3D2F40651A1FDCC800CAEC96 /* BasicCollectionViewController.swift in Sources */,
			);
			runOnlyForDeploymentPostprocessing = 0;
		};
/* End PBXSourcesBuildPhase section */

/* Begin PBXVariantGroup section */
		3D358F661A1FC0FF002E27DB /* Main.storyboard */ = {
			isa = PBXVariantGroup;
			children = (
				3D358F671A1FC0FF002E27DB /* Base */,
			);
			name = Main.storyboard;
			sourceTree = "<group>";
		};
		3D358F6B1A1FC0FF002E27DB /* LaunchScreen.xib */ = {
			isa = PBXVariantGroup;
			children = (
				3D358F6C1A1FC0FF002E27DB /* Base */,
			);
			name = LaunchScreen.xib;
			sourceTree = "<group>";
		};
/* End PBXVariantGroup section */

/* Begin XCBuildConfiguration section */
		3D358F7A1A1FC0FF002E27DB /* Debug */ = {
			isa = XCBuildConfiguration;
			buildSettings = {
				ALWAYS_SEARCH_USER_PATHS = NO;
				CLANG_CXX_LANGUAGE_STANDARD = "gnu++0x";
				CLANG_CXX_LIBRARY = "libc++";
				CLANG_ENABLE_MODULES = YES;
				CLANG_ENABLE_OBJC_ARC = YES;
				CLANG_WARN_BOOL_CONVERSION = YES;
				CLANG_WARN_CONSTANT_CONVERSION = YES;
				CLANG_WARN_DIRECT_OBJC_ISA_USAGE = YES_ERROR;
				CLANG_WARN_EMPTY_BODY = YES;
				CLANG_WARN_ENUM_CONVERSION = YES;
				CLANG_WARN_INT_CONVERSION = YES;
				CLANG_WARN_OBJC_ROOT_CLASS = YES_ERROR;
				CLANG_WARN_UNREACHABLE_CODE = YES;
				CLANG_WARN__DUPLICATE_METHOD_MATCH = YES;
				"CODE_SIGN_IDENTITY[sdk=iphoneos*]" = "iPhone Developer";
				COPY_PHASE_STRIP = NO;
				ENABLE_STRICT_OBJC_MSGSEND = YES;
				GCC_C_LANGUAGE_STANDARD = gnu99;
				GCC_DYNAMIC_NO_PIC = NO;
				GCC_OPTIMIZATION_LEVEL = 0;
				GCC_PREPROCESSOR_DEFINITIONS = (
					"DEBUG=1",
					"$(inherited)",
				);
				GCC_SYMBOLS_PRIVATE_EXTERN = NO;
				GCC_WARN_64_TO_32_BIT_CONVERSION = YES;
				GCC_WARN_ABOUT_RETURN_TYPE = YES_ERROR;
				GCC_WARN_UNDECLARED_SELECTOR = YES;
				GCC_WARN_UNINITIALIZED_AUTOS = YES_AGGRESSIVE;
				GCC_WARN_UNUSED_FUNCTION = YES;
				GCC_WARN_UNUSED_VARIABLE = YES;
				IPHONEOS_DEPLOYMENT_TARGET = 8.1;
				MTL_ENABLE_DEBUG_INFO = YES;
				ONLY_ACTIVE_ARCH = YES;
				SDKROOT = iphoneos;
				SWIFT_OPTIMIZATION_LEVEL = "-Onone";
			};
			name = Debug;
		};
		3D358F7B1A1FC0FF002E27DB /* Release */ = {
			isa = XCBuildConfiguration;
			buildSettings = {
				ALWAYS_SEARCH_USER_PATHS = NO;
				CLANG_CXX_LANGUAGE_STANDARD = "gnu++0x";
				CLANG_CXX_LIBRARY = "libc++";
				CLANG_ENABLE_MODULES = YES;
				CLANG_ENABLE_OBJC_ARC = YES;
				CLANG_WARN_BOOL_CONVERSION = YES;
				CLANG_WARN_CONSTANT_CONVERSION = YES;
				CLANG_WARN_DIRECT_OBJC_ISA_USAGE = YES_ERROR;
				CLANG_WARN_EMPTY_BODY = YES;
				CLANG_WARN_ENUM_CONVERSION = YES;
				CLANG_WARN_INT_CONVERSION = YES;
				CLANG_WARN_OBJC_ROOT_CLASS = YES_ERROR;
				CLANG_WARN_UNREACHABLE_CODE = YES;
				CLANG_WARN__DUPLICATE_METHOD_MATCH = YES;
				"CODE_SIGN_IDENTITY[sdk=iphoneos*]" = "iPhone Developer";
				COPY_PHASE_STRIP = YES;
				ENABLE_NS_ASSERTIONS = NO;
				ENABLE_STRICT_OBJC_MSGSEND = YES;
				GCC_C_LANGUAGE_STANDARD = gnu99;
				GCC_WARN_64_TO_32_BIT_CONVERSION = YES;
				GCC_WARN_ABOUT_RETURN_TYPE = YES_ERROR;
				GCC_WARN_UNDECLARED_SELECTOR = YES;
				GCC_WARN_UNINITIALIZED_AUTOS = YES_AGGRESSIVE;
				GCC_WARN_UNUSED_FUNCTION = YES;
				GCC_WARN_UNUSED_VARIABLE = YES;
				IPHONEOS_DEPLOYMENT_TARGET = 8.1;
				MTL_ENABLE_DEBUG_INFO = NO;
				SDKROOT = iphoneos;
				VALIDATE_PRODUCT = YES;
			};
			name = Release;
		};
		3D358F7D1A1FC0FF002E27DB /* Debug */ = {
			isa = XCBuildConfiguration;
			buildSettings = {
				ASSETCATALOG_COMPILER_APPICON_NAME = AppIcon;
				INFOPLIST_FILE = PagingAnimation/Info.plist;
				LD_RUNPATH_SEARCH_PATHS = "$(inherited) @executable_path/Frameworks";
				PRODUCT_NAME = PagingAnimation;
			};
			name = Debug;
		};
		3D358F7E1A1FC0FF002E27DB /* Release */ = {
			isa = XCBuildConfiguration;
			buildSettings = {
				ASSETCATALOG_COMPILER_APPICON_NAME = AppIcon;
				INFOPLIST_FILE = PagingAnimation/Info.plist;
				LD_RUNPATH_SEARCH_PATHS = "$(inherited) @executable_path/Frameworks";
				PRODUCT_NAME = PagingAnimation;
			};
			name = Release;
		};
/* End XCBuildConfiguration section */

/* Begin XCConfigurationList section */
		3D358F541A1FC0FF002E27DB /* Build configuration list for PBXProject "PagingAnimation" */ = {
			isa = XCConfigurationList;
			buildConfigurations = (
				3D358F7A1A1FC0FF002E27DB /* Debug */,
				3D358F7B1A1FC0FF002E27DB /* Release */,
			);
			defaultConfigurationIsVisible = 0;
			defaultConfigurationName = Release;
		};
		3D358F7C1A1FC0FF002E27DB /* Build configuration list for PBXNativeTarget "PagingAnimation" */ = {
			isa = XCConfigurationList;
			buildConfigurations = (
				3D358F7D1A1FC0FF002E27DB /* Debug */,
				3D358F7E1A1FC0FF002E27DB /* Release */,
			);
			defaultConfigurationIsVisible = 0;
			defaultConfigurationName = Release;
		};
/* End XCConfigurationList section */
	};
	rootObject = 3D358F511A1FC0FF002E27DB /* Project object */;
}
